
Microsoft Visual Studio Solution File, Format Version 12.00
# Visual Studio Version 17
VisualStudioVersion = 17.6.33801.468
MinimumVisualStudioVersion = 10.0.40219.1
Project("{2150E333-8FDC-42A3-9474-1A3956D46DE8}") = "DataGPT", "DataGPT", "{7264F52D-3C73-4E7B-B7C6-0A2714939055}"
EndProject
Project("{2150E333-8FDC-42A3-9474-1A3956D46DE8}") = "DataGPT.Tests", "DataGPT.Tests", "{66308EB5-3A9A-43CA-9F80-6F8D8A3677D7}"
EndProject
Project("{2150E333-8FDC-42A3-9474-1A3956D46DE8}") = "DataGPT.Samples", "DataGPT.Samples", "{DD8E7CA0-E533-4715-9A7C-98F62DDB8728}"
EndProject
Project("{9A19103F-16F7-4668-BE54-9A1E7A4F7556}") = "DataGPT", "DataGPT\DataGPT.csproj", "{062BDDC8-E4D6-43AE-B5DA-9CF231F11DCC}"
EndProject
Project("{9A19103F-16F7-4668-BE54-9A1E7A4F7556}") = "DataGPT.Abstractions", "DataGPT.Abstractions\DataGPT.Abstractions.csproj", "{9BD71000-D390-496D-A152-5C3E34811676}"
EndProject
Project("{9A19103F-16F7-4668-BE54-9A1E7A4F7556}") = "DataGPT.FluentMappings", "DataGPT.FluentMappings\DataGPT.FluentMappings.csproj", "{E8762C20-295E-416B-8FD5-E4D6E974C728}"
EndProject
Project("{9A19103F-16F7-4668-BE54-9A1E7A4F7556}") = "DataGPT.RestApi", "DataGPT.RestApi\DataGPT.RestApi.csproj", "{E8595176-5A10-48D1-B00A-815DA6D6398E}"
EndProject
Project("{9A19103F-16F7-4668-BE54-9A1E7A4F7556}") = "DataGPT.Sample", "DataGPT.Sample\DataGPT.Sample.csproj", "{71056F33-9EBC-4F31-98E2-638BF30D28CE}"
EndProject
Project("{9A19103F-16F7-4668-BE54-9A1E7A4F7556}") = "DataGPT.RestApi.Sample", "DataGPT.RestApi.Sample\DataGPT.RestApi.Sample.csproj", "{BCE9C1DD-42B8-4956-89FE-863DA6719540}"
EndProject
Project("{9A19103F-16F7-4668-BE54-9A1E7A4F7556}") = "DataGPT.Tests", "DataGPT.Tests\DataGPT.Tests.csproj", "{151633A7-EED9-488C-B418-3B2372BAE56C}"
EndProject
Project("{9A19103F-16F7-4668-BE54-9A1E7A4F7556}") = "DataGPT.Abstractions.Tests", "DataGPT.Abstractions.Tests\DataGPT.Abstractions.Tests.csproj", "{FB650777-3C1F-43D3-8365-9CA42059BBDF}"
EndProject
Project("{9A19103F-16F7-4668-BE54-9A1E7A4F7556}") = "DataGPT.FluentMappings.Tests", "DataGPT.FluentMappings.Tests\DataGPT.FluentMappings.Tests.csproj", "{D42A6EB6-0C04-4AF1-B85D-FB2B6545FE70}"
EndProject
Project("{9A19103F-16F7-4668-BE54-9A1E7A4F7556}") = "DataGPT.RestApi.Tests", "DataGPT.RestApi.Tests\DataGPT.RestApi.Tests.csproj", "{8FAACF2B-7F25-428E-8DFA-18C4BFB6D257}"
EndProject
Project("{FAE04EC0-301F-11D3-BF4B-00C04F79EFBC}") = "DataGPT.SqlServer", "DataGPT.SqlServer\DataGPT.SqlServer.csproj", "{FBA82FD7-48C6-43C4-8CF0-D1C9B577C616}"
EndProject
Project("{FAE04EC0-301F-11D3-BF4B-00C04F79EFBC}") = "DataGPT.SqlServer.Tests", "DataGPT.SqlServer.Tests\DataGPT.SqlServer.Tests.csproj", "{82A71DA8-FBD6-4291-B903-22746965FB6C}"
EndProject
Project("{FAE04EC0-301F-11D3-BF4B-00C04F79EFBC}") = "DataGPT.Oracle", "DataGPT.Oracle\DataGPT.Oracle.csproj", "{2AA586B8-8F8B-4257-BA36-C38158F9B954}"
EndProject
Project("{FAE04EC0-301F-11D3-BF4B-00C04F79EFBC}") = "DataGPT.Oracle.Tests", "DataGPT.Oracle.Tests\DataGPT.Oracle.Tests.csproj", "{E8D95C03-5E8F-4F66-AC13-4CC169CFC891}"
EndProject
Project("{FAE04EC0-301F-11D3-BF4B-00C04F79EFBC}") = "DataGPT.MySql", "DataGPT.MySql\DataGPT.MySql.csproj", "{E91325B5-5398-4632-96C9-D9B32DBA4056}"
EndProject
Project("{FAE04EC0-301F-11D3-BF4B-00C04F79EFBC}") = "DataGPT.MySql.Tests", "DataGPT.MySql.Tests\DataGPT.MySql.Tests.csproj", "{71E69EA9-2BF1-4423-9AE9-169E61593DF1}"
EndProject
Project("{FAE04EC0-301F-11D3-BF4B-00C04F79EFBC}") = "DataGPT.PostgreSql", "DataGPT.PostgreSql\DataGPT.PostgreSql.csproj", "{DA24E99D-65CC-4291-9F2C-8DE1CE84DB02}"
EndProject
Project("{FAE04EC0-301F-11D3-BF4B-00C04F79EFBC}") = "DataGPT.PostgreSql.Tests", "DataGPT.PostgreSql.Tests\DataGPT.PostgreSql.Tests.csproj", "{8FE237E8-117F-4009-96C2-8A06FF15C7B0}"
EndProject
Global
	GlobalSection(SolutionConfigurationPlatforms) = preSolution
		Debug|Any CPU = Debug|Any CPU
		Release|Any CPU = Release|Any CPU
	EndGlobalSection
	GlobalSection(ProjectConfigurationPlatforms) = postSolution
		{062BDDC8-E4D6-43AE-B5DA-9CF231F11DCC}.Debug|Any CPU.ActiveCfg = Debug|Any CPU
		{062BDDC8-E4D6-43AE-B5DA-9CF231F11DCC}.Debug|Any CPU.Build.0 = Debug|Any CPU
		{062BDDC8-E4D6-43AE-B5DA-9CF231F11DCC}.Release|Any CPU.ActiveCfg = Release|Any CPU
		{062BDDC8-E4D6-43AE-B5DA-9CF231F11DCC}.Release|Any CPU.Build.0 = Release|Any CPU
		{9BD71000-D390-496D-A152-5C3E34811676}.Debug|Any CPU.ActiveCfg = Debug|Any CPU
		{9BD71000-D390-496D-A152-5C3E34811676}.Debug|Any CPU.Build.0 = Debug|Any CPU
		{9BD71000-D390-496D-A152-5C3E34811676}.Release|Any CPU.ActiveCfg = Release|Any CPU
		{9BD71000-D390-496D-A152-5C3E34811676}.Release|Any CPU.Build.0 = Release|Any CPU
		{E8762C20-295E-416B-8FD5-E4D6E974C728}.Debug|Any CPU.ActiveCfg = Debug|Any CPU
		{E8762C20-295E-416B-8FD5-E4D6E974C728}.Debug|Any CPU.Build.0 = Debug|Any CPU
		{E8762C20-295E-416B-8FD5-E4D6E974C728}.Release|Any CPU.ActiveCfg = Release|Any CPU
		{E8762C20-295E-416B-8FD5-E4D6E974C728}.Release|Any CPU.Build.0 = Release|Any CPU
		{E8595176-5A10-48D1-B00A-815DA6D6398E}.Debug|Any CPU.ActiveCfg = Debug|Any CPU
		{E8595176-5A10-48D1-B00A-815DA6D6398E}.Debug|Any CPU.Build.0 = Debug|Any CPU
		{E8595176-5A10-48D1-B00A-815DA6D6398E}.Release|Any CPU.ActiveCfg = Release|Any CPU
		{E8595176-5A10-48D1-B00A-815DA6D6398E}.Release|Any CPU.Build.0 = Release|Any CPU
		{71056F33-9EBC-4F31-98E2-638BF30D28CE}.Debug|Any CPU.ActiveCfg = Debug|Any CPU
		{71056F33-9EBC-4F31-98E2-638BF30D28CE}.Debug|Any CPU.Build.0 = Debug|Any CPU
		{71056F33-9EBC-4F31-98E2-638BF30D28CE}.Release|Any CPU.ActiveCfg = Release|Any CPU
		{71056F33-9EBC-4F31-98E2-638BF30D28CE}.Release|Any CPU.Build.0 = Release|Any CPU
		{BCE9C1DD-42B8-4956-89FE-863DA6719540}.Debug|Any CPU.ActiveCfg = Debug|Any CPU
		{BCE9C1DD-42B8-4956-89FE-863DA6719540}.Debug|Any CPU.Build.0 = Debug|Any CPU
		{BCE9C1DD-42B8-4956-89FE-863DA6719540}.Release|Any CPU.ActiveCfg = Release|Any CPU
		{BCE9C1DD-42B8-4956-89FE-863DA6719540}.Release|Any CPU.Build.0 = Release|Any CPU
		{151633A7-EED9-488C-B418-3B2372BAE56C}.Debug|Any CPU.ActiveCfg = Debug|Any CPU
		{151633A7-EED9-488C-B418-3B2372BAE56C}.Debug|Any CPU.Build.0 = Debug|Any CPU
		{151633A7-EED9-488C-B418-3B2372BAE56C}.Release|Any CPU.ActiveCfg = Release|Any CPU
		{151633A7-EED9-488C-B418-3B2372BAE56C}.Release|Any CPU.Build.0 = Release|Any CPU
		{FB650777-3C1F-43D3-8365-9CA42059BBDF}.Debug|Any CPU.ActiveCfg = Debug|Any CPU
		{FB650777-3C1F-43D3-8365-9CA42059BBDF}.Debug|Any CPU.Build.0 = Debug|Any CPU
		{FB650777-3C1F-43D3-8365-9CA42059BBDF}.Release|Any CPU.ActiveCfg = Release|Any CPU
		{FB650777-3C1F-43D3-8365-9CA42059BBDF}.Release|Any CPU.Build.0 = Release|Any CPU
		{D42A6EB6-0C04-4AF1-B85D-FB2B6545FE70}.Debug|Any CPU.ActiveCfg = Debug|Any CPU
		{D42A6EB6-0C04-4AF1-B85D-FB2B6545FE70}.Debug|Any CPU.Build.0 = Debug|Any CPU
		{D42A6EB6-0C04-4AF1-B85D-FB2B6545FE70}.Release|Any CPU.ActiveCfg = Release|Any CPU
		{D42A6EB6-0C04-4AF1-B85D-FB2B6545FE70}.Release|Any CPU.Build.0 = Release|Any CPU
		{8FAACF2B-7F25-428E-8DFA-18C4BFB6D257}.Debug|Any CPU.ActiveCfg = Debug|Any CPU
		{8FAACF2B-7F25-428E-8DFA-18C4BFB6D257}.Debug|Any CPU.Build.0 = Debug|Any CPU
		{8FAACF2B-7F25-428E-8DFA-18C4BFB6D257}.Release|Any CPU.ActiveCfg = Release|Any CPU
		{8FAACF2B-7F25-428E-8DFA-18C4BFB6D257}.Release|Any CPU.Build.0 = Release|Any CPU
		{FBA82FD7-48C6-43C4-8CF0-D1C9B577C616}.Debug|Any CPU.ActiveCfg = Debug|Any CPU
		{FBA82FD7-48C6-43C4-8CF0-D1C9B577C616}.Debug|Any CPU.Build.0 = Debug|Any CPU
		{FBA82FD7-48C6-43C4-8CF0-D1C9B577C616}.Release|Any CPU.ActiveCfg = Release|Any CPU
		{FBA82FD7-48C6-43C4-8CF0-D1C9B577C616}.Release|Any CPU.Build.0 = Release|Any CPU
		{82A71DA8-FBD6-4291-B903-22746965FB6C}.Debug|Any CPU.ActiveCfg = Debug|Any CPU
		{82A71DA8-FBD6-4291-B903-22746965FB6C}.Debug|Any CPU.Build.0 = Debug|Any CPU
		{82A71DA8-FBD6-4291-B903-22746965FB6C}.Release|Any CPU.ActiveCfg = Release|Any CPU
		{82A71DA8-FBD6-4291-B903-22746965FB6C}.Release|Any CPU.Build.0 = Release|Any CPU
		{2AA586B8-8F8B-4257-BA36-C38158F9B954}.Debug|Any CPU.ActiveCfg = Debug|Any CPU
		{2AA586B8-8F8B-4257-BA36-C38158F9B954}.Debug|Any CPU.Build.0 = Debug|Any CPU
		{2AA586B8-8F8B-4257-BA36-C38158F9B954}.Release|Any CPU.ActiveCfg = Release|Any CPU
		{2AA586B8-8F8B-4257-BA36-C38158F9B954}.Release|Any CPU.Build.0 = Release|Any CPU
		{E8D95C03-5E8F-4F66-AC13-4CC169CFC891}.Debug|Any CPU.ActiveCfg = Debug|Any CPU
		{E8D95C03-5E8F-4F66-AC13-4CC169CFC891}.Debug|Any CPU.Build.0 = Debug|Any CPU
		{E8D95C03-5E8F-4F66-AC13-4CC169CFC891}.Release|Any CPU.ActiveCfg = Release|Any CPU
		{E8D95C03-5E8F-4F66-AC13-4CC169CFC891}.Release|Any CPU.Build.0 = Release|Any CPU
		{E91325B5-5398-4632-96C9-D9B32DBA4056}.Debug|Any CPU.ActiveCfg = Debug|Any CPU
		{E91325B5-5398-4632-96C9-D9B32DBA4056}.Debug|Any CPU.Build.0 = Debug|Any CPU
		{E91325B5-5398-4632-96C9-D9B32DBA4056}.Release|Any CPU.ActiveCfg = Release|Any CPU
		{E91325B5-5398-4632-96C9-D9B32DBA4056}.Release|Any CPU.Build.0 = Release|Any CPU
		{71E69EA9-2BF1-4423-9AE9-169E61593DF1}.Debug|Any CPU.ActiveCfg = Debug|Any CPU
		{71E69EA9-2BF1-4423-9AE9-169E61593DF1}.Debug|Any CPU.Build.0 = Debug|Any CPU
		{71E69EA9-2BF1-4423-9AE9-169E61593DF1}.Release|Any CPU.ActiveCfg = Release|Any CPU
		{71E69EA9-2BF1-4423-9AE9-169E61593DF1}.Release|Any CPU.Build.0 = Release|Any CPU
		{DA24E99D-65CC-4291-9F2C-8DE1CE84DB02}.Debug|Any CPU.ActiveCfg = Debug|Any CPU
		{DA24E99D-65CC-4291-9F2C-8DE1CE84DB02}.Debug|Any CPU.Build.0 = Debug|Any CPU
		{DA24E99D-65CC-4291-9F2C-8DE1CE84DB02}.Release|Any CPU.ActiveCfg = Release|Any CPU
		{DA24E99D-65CC-4291-9F2C-8DE1CE84DB02}.Release|Any CPU.Build.0 = Release|Any CPU
		{8FE237E8-117F-4009-96C2-8A06FF15C7B0}.Debug|Any CPU.ActiveCfg = Debug|Any CPU
		{8FE237E8-117F-4009-96C2-8A06FF15C7B0}.Debug|Any CPU.Build.0 = Debug|Any CPU
		{8FE237E8-117F-4009-96C2-8A06FF15C7B0}.Release|Any CPU.ActiveCfg = Release|Any CPU
		{8FE237E8-117F-4009-96C2-8A06FF15C7B0}.Release|Any CPU.Build.0 = Release|Any CPU
	EndGlobalSection
	GlobalSection(SolutionProperties) = preSolution
		HideSolutionNode = FALSE
	EndGlobalSection
	GlobalSection(NestedProjects) = preSolution
		{062BDDC8-E4D6-43AE-B5DA-9CF231F11DCC} = {7264F52D-3C73-4E7B-B7C6-0A2714939055}
		{9BD71000-D390-496D-A152-5C3E34811676} = {7264F52D-3C73-4E7B-B7C6-0A2714939055}
		{E8762C20-295E-416B-8FD5-E4D6E974C728} = {7264F52D-3C73-4E7B-B7C6-0A2714939055}
		{E8595176-5A10-48D1-B00A-815DA6D6398E} = {7264F52D-3C73-4E7B-B7C6-0A2714939055}
		{71056F33-9EBC-4F31-98E2-638BF30D28CE} = {DD8E7CA0-E533-4715-9A7C-98F62DDB8728}
		{BCE9C1DD-42B8-4956-89FE-863DA6719540} = {DD8E7CA0-E533-4715-9A7C-98F62DDB8728}
		{151633A7-EED9-488C-B418-3B2372BAE56C} = {66308EB5-3A9A-43CA-9F80-6F8D8A3677D7}
		{FB650777-3C1F-43D3-8365-9CA42059BBDF} = {66308EB5-3A9A-43CA-9F80-6F8D8A3677D7}
		{D42A6EB6-0C04-4AF1-B85D-FB2B6545FE70} = {66308EB5-3A9A-43CA-9F80-6F8D8A3677D7}
		{8FAACF2B-7F25-428E-8DFA-18C4BFB6D257} = {66308EB5-3A9A-43CA-9F80-6F8D8A3677D7}
		{FBA82FD7-48C6-43C4-8CF0-D1C9B577C616} = {7264F52D-3C73-4E7B-B7C6-0A2714939055}
		{82A71DA8-FBD6-4291-B903-22746965FB6C} = {66308EB5-3A9A-43CA-9F80-6F8D8A3677D7}
		{2AA586B8-8F8B-4257-BA36-C38158F9B954} = {7264F52D-3C73-4E7B-B7C6-0A2714939055}
		{E8D95C03-5E8F-4F66-AC13-4CC169CFC891} = {66308EB5-3A9A-43CA-9F80-6F8D8A3677D7}
		{E91325B5-5398-4632-96C9-D9B32DBA4056} = {7264F52D-3C73-4E7B-B7C6-0A2714939055}
		{71E69EA9-2BF1-4423-9AE9-169E61593DF1} = {66308EB5-3A9A-43CA-9F80-6F8D8A3677D7}
		{DA24E99D-65CC-4291-9F2C-8DE1CE84DB02} = {7264F52D-3C73-4E7B-B7C6-0A2714939055}
		{8FE237E8-117F-4009-96C2-8A06FF15C7B0} = {66308EB5-3A9A-43CA-9F80-6F8D8A3677D7}
	EndGlobalSection
	GlobalSection(ExtensibilityGlobals) = postSolution
		SolutionGuid = {66614432-367B-4D2A-9BA2-1BFE42F7E1B1}
	EndGlobalSection
EndGlobal
